// !$*UTF8*$!
{
	archiveVersion = 1;
	classes = {
	};
	objectVersion = 55;
	objects = {

/* Begin PBXBuildFile section */
		30433BBAB3F8922BD6D56AFF /* Pods_Starbucks_StarbucksUITests.framework in Frameworks */ = {isa = PBXBuildFile; fileRef = 223004BC9FBCC6D150F047B5 /* Pods_Starbucks_StarbucksUITests.framework */; };
		58B04D2F19B8271A9DA8FF03 /* Pods_StarbucksTests.framework in Frameworks */ = {isa = PBXBuildFile; fileRef = F97FD557F08B4CD36441316A /* Pods_StarbucksTests.framework */; };
		B5891E7A2829F625003F379D /* InitialEventViewController.swift in Sources */ = {isa = PBXBuildFile; fileRef = B5891E792829F625003F379D /* InitialEventViewController.swift */; };
		B5891E7C282A3B89003F379D /* NetworkHandler.swift in Sources */ = {isa = PBXBuildFile; fileRef = B5891E7B282A3B89003F379D /* NetworkHandler.swift */; };
		B5891E7F282A3D5A003F379D /* NetworkHandlable.swift in Sources */ = {isa = PBXBuildFile; fileRef = B5891E7E282A3D5A003F379D /* NetworkHandlable.swift */; };
		B5891E82282AAA82003F379D /* HomeViewModel.swift in Sources */ = {isa = PBXBuildFile; fileRef = B5891E81282AAA82003F379D /* HomeViewModel.swift */; };
		B5891E8B282AC395003F379D /* InitialEventViewModel.swift in Sources */ = {isa = PBXBuildFile; fileRef = B5891E8A282AC395003F379D /* InitialEventViewModel.swift */; };
		B5891E8D282AC474003F379D /* Observable.swift in Sources */ = {isa = PBXBuildFile; fileRef = B5891E8C282AC474003F379D /* Observable.swift */; };
		B5891E8F282B8E5B003F379D /* EndPoint.swift in Sources */ = {isa = PBXBuildFile; fileRef = B5891E8E282B8E5B003F379D /* EndPoint.swift */; };
		B59B32C52829034200301A41 /* AppDelegate.swift in Sources */ = {isa = PBXBuildFile; fileRef = B59B32C42829034200301A41 /* AppDelegate.swift */; };
		B59B32C72829034200301A41 /* SceneDelegate.swift in Sources */ = {isa = PBXBuildFile; fileRef = B59B32C62829034200301A41 /* SceneDelegate.swift */; };
		B59B32C92829034200301A41 /* MainTabBarController.swift in Sources */ = {isa = PBXBuildFile; fileRef = B59B32C82829034200301A41 /* MainTabBarController.swift */; };
		B59B32CE2829034600301A41 /* Assets.xcassets in Resources */ = {isa = PBXBuildFile; fileRef = B59B32CD2829034600301A41 /* Assets.xcassets */; };
		B59B32D12829034600301A41 /* LaunchScreen.storyboard in Resources */ = {isa = PBXBuildFile; fileRef = B59B32CF2829034600301A41 /* LaunchScreen.storyboard */; };
		B59B32DC2829034600301A41 /* StarbucksTests.swift in Sources */ = {isa = PBXBuildFile; fileRef = B59B32DB2829034600301A41 /* StarbucksTests.swift */; };
		B59B32E62829034600301A41 /* StarbucksUITests.swift in Sources */ = {isa = PBXBuildFile; fileRef = B59B32E52829034600301A41 /* StarbucksUITests.swift */; };
		B59B32E82829034600301A41 /* StarbucksUITestsLaunchTests.swift in Sources */ = {isa = PBXBuildFile; fileRef = B59B32E72829034600301A41 /* StarbucksUITestsLaunchTests.swift */; };
		B59B32F82829200400301A41 /* HomeViewController.swift in Sources */ = {isa = PBXBuildFile; fileRef = B59B32F72829200400301A41 /* HomeViewController.swift */; };
		B59B32FA2829201600301A41 /* OrderViewController.swift in Sources */ = {isa = PBXBuildFile; fileRef = B59B32F92829201600301A41 /* OrderViewController.swift */; };
		D0A815C252FEC3CFAA679630 /* Pods_Starbucks.framework in Frameworks */ = {isa = PBXBuildFile; fileRef = 850174743D6574E43DA86A5A /* Pods_Starbucks.framework */; };
/* End PBXBuildFile section */

/* Begin PBXContainerItemProxy section */
		B59B32D82829034600301A41 /* PBXContainerItemProxy */ = {
			isa = PBXContainerItemProxy;
			containerPortal = B59B32B92829034200301A41 /* Project object */;
			proxyType = 1;
			remoteGlobalIDString = B59B32C02829034200301A41;
			remoteInfo = Starbucks;
		};
		B59B32E22829034600301A41 /* PBXContainerItemProxy */ = {
			isa = PBXContainerItemProxy;
			containerPortal = B59B32B92829034200301A41 /* Project object */;
			proxyType = 1;
			remoteGlobalIDString = B59B32C02829034200301A41;
			remoteInfo = Starbucks;
		};
/* End PBXContainerItemProxy section */

/* Begin PBXFileReference section */
		00A33018F785637D6B799CFC /* Pods-Starbucks-StarbucksUITests.debug.xcconfig */ = {isa = PBXFileReference; includeInIndex = 1; lastKnownFileType = text.xcconfig; name = "Pods-Starbucks-StarbucksUITests.debug.xcconfig"; path = "Target Support Files/Pods-Starbucks-StarbucksUITests/Pods-Starbucks-StarbucksUITests.debug.xcconfig"; sourceTree = "<group>"; };
		223004BC9FBCC6D150F047B5 /* Pods_Starbucks_StarbucksUITests.framework */ = {isa = PBXFileReference; explicitFileType = wrapper.framework; includeInIndex = 0; path = Pods_Starbucks_StarbucksUITests.framework; sourceTree = BUILT_PRODUCTS_DIR; };
		3152B96D1254B0365A05F924 /* Pods-Starbucks.debug.xcconfig */ = {isa = PBXFileReference; includeInIndex = 1; lastKnownFileType = text.xcconfig; name = "Pods-Starbucks.debug.xcconfig"; path = "Target Support Files/Pods-Starbucks/Pods-Starbucks.debug.xcconfig"; sourceTree = "<group>"; };
		4A91003CA6EB79CAC0B2142C /* Pods-StarbucksTests.debug.xcconfig */ = {isa = PBXFileReference; includeInIndex = 1; lastKnownFileType = text.xcconfig; name = "Pods-StarbucksTests.debug.xcconfig"; path = "Target Support Files/Pods-StarbucksTests/Pods-StarbucksTests.debug.xcconfig"; sourceTree = "<group>"; };
		850174743D6574E43DA86A5A /* Pods_Starbucks.framework */ = {isa = PBXFileReference; explicitFileType = wrapper.framework; includeInIndex = 0; path = Pods_Starbucks.framework; sourceTree = BUILT_PRODUCTS_DIR; };
		A433D0F929C5E8A4191D0396 /* Pods-StarbucksTests.release.xcconfig */ = {isa = PBXFileReference; includeInIndex = 1; lastKnownFileType = text.xcconfig; name = "Pods-StarbucksTests.release.xcconfig"; path = "Target Support Files/Pods-StarbucksTests/Pods-StarbucksTests.release.xcconfig"; sourceTree = "<group>"; };
		B5891E792829F625003F379D /* InitialEventViewController.swift */ = {isa = PBXFileReference; lastKnownFileType = sourcecode.swift; path = InitialEventViewController.swift; sourceTree = "<group>"; };
		B5891E7B282A3B89003F379D /* NetworkHandler.swift */ = {isa = PBXFileReference; lastKnownFileType = sourcecode.swift; path = NetworkHandler.swift; sourceTree = "<group>"; };
		B5891E7E282A3D5A003F379D /* NetworkHandlable.swift */ = {isa = PBXFileReference; lastKnownFileType = sourcecode.swift; path = NetworkHandlable.swift; sourceTree = "<group>"; };
		B5891E81282AAA82003F379D /* HomeViewModel.swift */ = {isa = PBXFileReference; lastKnownFileType = sourcecode.swift; path = HomeViewModel.swift; sourceTree = "<group>"; };
		B5891E8A282AC395003F379D /* InitialEventViewModel.swift */ = {isa = PBXFileReference; lastKnownFileType = sourcecode.swift; path = InitialEventViewModel.swift; sourceTree = "<group>"; };
		B5891E8C282AC474003F379D /* Observable.swift */ = {isa = PBXFileReference; lastKnownFileType = sourcecode.swift; path = Observable.swift; sourceTree = "<group>"; };
		B5891E8E282B8E5B003F379D /* EndPoint.swift */ = {isa = PBXFileReference; lastKnownFileType = sourcecode.swift; path = EndPoint.swift; sourceTree = "<group>"; };
		B59B32C12829034200301A41 /* Starbucks.app */ = {isa = PBXFileReference; explicitFileType = wrapper.application; includeInIndex = 0; path = Starbucks.app; sourceTree = BUILT_PRODUCTS_DIR; };
		B59B32C42829034200301A41 /* AppDelegate.swift */ = {isa = PBXFileReference; lastKnownFileType = sourcecode.swift; path = AppDelegate.swift; sourceTree = "<group>"; };
		B59B32C62829034200301A41 /* SceneDelegate.swift */ = {isa = PBXFileReference; lastKnownFileType = sourcecode.swift; path = SceneDelegate.swift; sourceTree = "<group>"; };
		B59B32C82829034200301A41 /* MainTabBarController.swift */ = {isa = PBXFileReference; lastKnownFileType = sourcecode.swift; path = MainTabBarController.swift; sourceTree = "<group>"; };
		B59B32CD2829034600301A41 /* Assets.xcassets */ = {isa = PBXFileReference; lastKnownFileType = folder.assetcatalog; path = Assets.xcassets; sourceTree = "<group>"; };
		B59B32D02829034600301A41 /* Base */ = {isa = PBXFileReference; lastKnownFileType = file.storyboard; name = Base; path = Base.lproj/LaunchScreen.storyboard; sourceTree = "<group>"; };
		B59B32D22829034600301A41 /* Info.plist */ = {isa = PBXFileReference; lastKnownFileType = text.plist.xml; path = Info.plist; sourceTree = "<group>"; };
		B59B32D72829034600301A41 /* StarbucksTests.xctest */ = {isa = PBXFileReference; explicitFileType = wrapper.cfbundle; includeInIndex = 0; path = StarbucksTests.xctest; sourceTree = BUILT_PRODUCTS_DIR; };
		B59B32DB2829034600301A41 /* StarbucksTests.swift */ = {isa = PBXFileReference; lastKnownFileType = sourcecode.swift; path = StarbucksTests.swift; sourceTree = "<group>"; };
		B59B32E12829034600301A41 /* StarbucksUITests.xctest */ = {isa = PBXFileReference; explicitFileType = wrapper.cfbundle; includeInIndex = 0; path = StarbucksUITests.xctest; sourceTree = BUILT_PRODUCTS_DIR; };
		B59B32E52829034600301A41 /* StarbucksUITests.swift */ = {isa = PBXFileReference; lastKnownFileType = sourcecode.swift; path = StarbucksUITests.swift; sourceTree = "<group>"; };
		B59B32E72829034600301A41 /* StarbucksUITestsLaunchTests.swift */ = {isa = PBXFileReference; lastKnownFileType = sourcecode.swift; path = StarbucksUITestsLaunchTests.swift; sourceTree = "<group>"; };
		B59B32F72829200400301A41 /* HomeViewController.swift */ = {isa = PBXFileReference; lastKnownFileType = sourcecode.swift; path = HomeViewController.swift; sourceTree = "<group>"; };
		B59B32F92829201600301A41 /* OrderViewController.swift */ = {isa = PBXFileReference; lastKnownFileType = sourcecode.swift; path = OrderViewController.swift; sourceTree = "<group>"; };
		E4E7C487AAAC5E17AC46EA99 /* Pods-Starbucks.release.xcconfig */ = {isa = PBXFileReference; includeInIndex = 1; lastKnownFileType = text.xcconfig; name = "Pods-Starbucks.release.xcconfig"; path = "Target Support Files/Pods-Starbucks/Pods-Starbucks.release.xcconfig"; sourceTree = "<group>"; };
		F064E155873A1C6C4317A5C8 /* Pods-Starbucks-StarbucksUITests.release.xcconfig */ = {isa = PBXFileReference; includeInIndex = 1; lastKnownFileType = text.xcconfig; name = "Pods-Starbucks-StarbucksUITests.release.xcconfig"; path = "Target Support Files/Pods-Starbucks-StarbucksUITests/Pods-Starbucks-StarbucksUITests.release.xcconfig"; sourceTree = "<group>"; };
		F97FD557F08B4CD36441316A /* Pods_StarbucksTests.framework */ = {isa = PBXFileReference; explicitFileType = wrapper.framework; includeInIndex = 0; path = Pods_StarbucksTests.framework; sourceTree = BUILT_PRODUCTS_DIR; };
/* End PBXFileReference section */

/* Begin PBXFrameworksBuildPhase section */
		B59B32BE2829034200301A41 /* Frameworks */ = {
			isa = PBXFrameworksBuildPhase;
			buildActionMask = 2147483647;
			files = (
				D0A815C252FEC3CFAA679630 /* Pods_Starbucks.framework in Frameworks */,
			);
			runOnlyForDeploymentPostprocessing = 0;
		};
		B59B32D42829034600301A41 /* Frameworks */ = {
			isa = PBXFrameworksBuildPhase;
			buildActionMask = 2147483647;
			files = (
				58B04D2F19B8271A9DA8FF03 /* Pods_StarbucksTests.framework in Frameworks */,
			);
			runOnlyForDeploymentPostprocessing = 0;
		};
		B59B32DE2829034600301A41 /* Frameworks */ = {
			isa = PBXFrameworksBuildPhase;
			buildActionMask = 2147483647;
			files = (
				30433BBAB3F8922BD6D56AFF /* Pods_Starbucks_StarbucksUITests.framework in Frameworks */,
			);
			runOnlyForDeploymentPostprocessing = 0;
		};
/* End PBXFrameworksBuildPhase section */

/* Begin PBXGroup section */
		493A03E53FED5EEB26520637 /* Pods */ = {
			isa = PBXGroup;
			children = (
				3152B96D1254B0365A05F924 /* Pods-Starbucks.debug.xcconfig */,
				E4E7C487AAAC5E17AC46EA99 /* Pods-Starbucks.release.xcconfig */,
				00A33018F785637D6B799CFC /* Pods-Starbucks-StarbucksUITests.debug.xcconfig */,
				F064E155873A1C6C4317A5C8 /* Pods-Starbucks-StarbucksUITests.release.xcconfig */,
				4A91003CA6EB79CAC0B2142C /* Pods-StarbucksTests.debug.xcconfig */,
				A433D0F929C5E8A4191D0396 /* Pods-StarbucksTests.release.xcconfig */,
			);
			path = Pods;
			sourceTree = "<group>";
		};
		4AB3EDBBAB8106D0A7486496 /* Frameworks */ = {
			isa = PBXGroup;
			children = (
				850174743D6574E43DA86A5A /* Pods_Starbucks.framework */,
				223004BC9FBCC6D150F047B5 /* Pods_Starbucks_StarbucksUITests.framework */,
				F97FD557F08B4CD36441316A /* Pods_StarbucksTests.framework */,
			);
			name = Frameworks;
			sourceTree = "<group>";
		};
		B5891E7D282A3D4C003F379D /* Protocols */ = {
			isa = PBXGroup;
			children = (
				B5891E7E282A3D5A003F379D /* NetworkHandlable.swift */,
			);
			path = Protocols;
			sourceTree = "<group>";
		};
		B5891E80282AAA17003F379D /* Home */ = {
			isa = PBXGroup;
			children = (
				B59B32F72829200400301A41 /* HomeViewController.swift */,
				B5891E81282AAA82003F379D /* HomeViewModel.swift */,
			);
			path = Home;
			sourceTree = "<group>";
		};
		B5891E89282AC0F0003F379D /* InitialEvent */ = {
			isa = PBXGroup;
			children = (
				B5891E792829F625003F379D /* InitialEventViewController.swift */,
				B5891E8A282AC395003F379D /* InitialEventViewModel.swift */,
			);
			path = InitialEvent;
			sourceTree = "<group>";
		};
		B59B32B82829034200301A41 = {
			isa = PBXGroup;
			children = (
				B59B32C32829034200301A41 /* Starbucks */,
				B59B32DA2829034600301A41 /* StarbucksTests */,
				B59B32E42829034600301A41 /* StarbucksUITests */,
				B59B32C22829034200301A41 /* Products */,
				493A03E53FED5EEB26520637 /* Pods */,
				4AB3EDBBAB8106D0A7486496 /* Frameworks */,
			);
			sourceTree = "<group>";
		};
		B59B32C22829034200301A41 /* Products */ = {
			isa = PBXGroup;
			children = (
				B59B32C12829034200301A41 /* Starbucks.app */,
				B59B32D72829034600301A41 /* StarbucksTests.xctest */,
				B59B32E12829034600301A41 /* StarbucksUITests.xctest */,
			);
			name = Products;
			sourceTree = "<group>";
		};
		B59B32C32829034200301A41 /* Starbucks */ = {
			isa = PBXGroup;
			children = (
				B59B32F628291FC200301A41 /* Present */,
				B59B32F5282914DC00301A41 /* Common */,
				B59B32F4282914CF00301A41 /* Supportings */,
				B59B32CD2829034600301A41 /* Assets.xcassets */,
				B59B32CF2829034600301A41 /* LaunchScreen.storyboard */,
				B59B32D22829034600301A41 /* Info.plist */,
			);
			path = Starbucks;
			sourceTree = "<group>";
		};
		B59B32DA2829034600301A41 /* StarbucksTests */ = {
			isa = PBXGroup;
			children = (
				B59B32DB2829034600301A41 /* StarbucksTests.swift */,
			);
			path = StarbucksTests;
			sourceTree = "<group>";
		};
		B59B32E42829034600301A41 /* StarbucksUITests */ = {
			isa = PBXGroup;
			children = (
				B59B32E52829034600301A41 /* StarbucksUITests.swift */,
				B59B32E72829034600301A41 /* StarbucksUITestsLaunchTests.swift */,
			);
			path = StarbucksUITests;
			sourceTree = "<group>";
		};
		B59B32F4282914CF00301A41 /* Supportings */ = {
			isa = PBXGroup;
			children = (
				B59B32C42829034200301A41 /* AppDelegate.swift */,
				B59B32C62829034200301A41 /* SceneDelegate.swift */,
			);
			path = Supportings;
			sourceTree = "<group>";
		};
		B59B32F5282914DC00301A41 /* Common */ = {
			isa = PBXGroup;
			children = (
				B5891E7D282A3D4C003F379D /* Protocols */,
				B5891E7B282A3B89003F379D /* NetworkHandler.swift */,
				B5891E8C282AC474003F379D /* Observable.swift */,
				B5891E8E282B8E5B003F379D /* EndPoint.swift */,
			);
			path = Common;
			sourceTree = "<group>";
		};
		B59B32F628291FC200301A41 /* Present */ = {
			isa = PBXGroup;
			children = (
				B5891E89282AC0F0003F379D /* InitialEvent */,
				B5891E80282AAA17003F379D /* Home */,
				B59B32C82829034200301A41 /* MainTabBarController.swift */,
				B59B32F92829201600301A41 /* OrderViewController.swift */,
			);
			path = Present;
			sourceTree = "<group>";
		};
/* End PBXGroup section */

/* Begin PBXNativeTarget section */
		B59B32C02829034200301A41 /* Starbucks */ = {
			isa = PBXNativeTarget;
			buildConfigurationList = B59B32EB2829034600301A41 /* Build configuration list for PBXNativeTarget "Starbucks" */;
			buildPhases = (
				EE566B9337DFCC993C877A9C /* [CP] Check Pods Manifest.lock */,
				B59B32BD2829034200301A41 /* Sources */,
				B59B32BE2829034200301A41 /* Frameworks */,
				B59B32BF2829034200301A41 /* Resources */,
				B106D0C2619611CDA61791AE /* [CP] Embed Pods Frameworks */,
			);
			buildRules = (
			);
			dependencies = (
			);
			name = Starbucks;
			productName = Starbucks;
			productReference = B59B32C12829034200301A41 /* Starbucks.app */;
			productType = "com.apple.product-type.application";
		};
		B59B32D62829034600301A41 /* StarbucksTests */ = {
			isa = PBXNativeTarget;
			buildConfigurationList = B59B32EE2829034600301A41 /* Build configuration list for PBXNativeTarget "StarbucksTests" */;
			buildPhases = (
				DC171189794658E5DD30E94B /* [CP] Check Pods Manifest.lock */,
				B59B32D32829034600301A41 /* Sources */,
				B59B32D42829034600301A41 /* Frameworks */,
				B59B32D52829034600301A41 /* Resources */,
			);
			buildRules = (
			);
			dependencies = (
				B59B32D92829034600301A41 /* PBXTargetDependency */,
			);
			name = StarbucksTests;
			productName = StarbucksTests;
			productReference = B59B32D72829034600301A41 /* StarbucksTests.xctest */;
			productType = "com.apple.product-type.bundle.unit-test";
		};
		B59B32E02829034600301A41 /* StarbucksUITests */ = {
			isa = PBXNativeTarget;
			buildConfigurationList = B59B32F12829034600301A41 /* Build configuration list for PBXNativeTarget "StarbucksUITests" */;
			buildPhases = (
				4AA169AD3208C65AEBE38CC8 /* [CP] Check Pods Manifest.lock */,
				B59B32DD2829034600301A41 /* Sources */,
				B59B32DE2829034600301A41 /* Frameworks */,
				B59B32DF2829034600301A41 /* Resources */,
				E8B1D712D57669BFF9C77520 /* [CP] Embed Pods Frameworks */,
			);
			buildRules = (
			);
			dependencies = (
				B59B32E32829034600301A41 /* PBXTargetDependency */,
			);
			name = StarbucksUITests;
			productName = StarbucksUITests;
			productReference = B59B32E12829034600301A41 /* StarbucksUITests.xctest */;
			productType = "com.apple.product-type.bundle.ui-testing";
		};
/* End PBXNativeTarget section */

/* Begin PBXProject section */
		B59B32B92829034200301A41 /* Project object */ = {
			isa = PBXProject;
			attributes = {
				BuildIndependentTargetsInParallel = 1;
				LastSwiftUpdateCheck = 1330;
				LastUpgradeCheck = 1330;
				TargetAttributes = {
					B59B32C02829034200301A41 = {
						CreatedOnToolsVersion = 13.3.1;
					};
					B59B32D62829034600301A41 = {
						CreatedOnToolsVersion = 13.3.1;
						TestTargetID = B59B32C02829034200301A41;
					};
					B59B32E02829034600301A41 = {
						CreatedOnToolsVersion = 13.3.1;
						TestTargetID = B59B32C02829034200301A41;
					};
				};
			};
			buildConfigurationList = B59B32BC2829034200301A41 /* Build configuration list for PBXProject "Starbucks" */;
			compatibilityVersion = "Xcode 13.0";
			developmentRegion = en;
			hasScannedForEncodings = 0;
			knownRegions = (
				en,
				Base,
			);
			mainGroup = B59B32B82829034200301A41;
			productRefGroup = B59B32C22829034200301A41 /* Products */;
			projectDirPath = "";
			projectRoot = "";
			targets = (
				B59B32C02829034200301A41 /* Starbucks */,
				B59B32D62829034600301A41 /* StarbucksTests */,
				B59B32E02829034600301A41 /* StarbucksUITests */,
			);
		};
/* End PBXProject section */

/* Begin PBXResourcesBuildPhase section */
		B59B32BF2829034200301A41 /* Resources */ = {
			isa = PBXResourcesBuildPhase;
			buildActionMask = 2147483647;
			files = (
				B59B32D12829034600301A41 /* LaunchScreen.storyboard in Resources */,
				B59B32CE2829034600301A41 /* Assets.xcassets in Resources */,
			);
			runOnlyForDeploymentPostprocessing = 0;
		};
		B59B32D52829034600301A41 /* Resources */ = {
			isa = PBXResourcesBuildPhase;
			buildActionMask = 2147483647;
			files = (
			);
			runOnlyForDeploymentPostprocessing = 0;
		};
		B59B32DF2829034600301A41 /* Resources */ = {
			isa = PBXResourcesBuildPhase;
			buildActionMask = 2147483647;
			files = (
			);
			runOnlyForDeploymentPostprocessing = 0;
		};
/* End PBXResourcesBuildPhase section */

/* Begin PBXShellScriptBuildPhase section */
		4AA169AD3208C65AEBE38CC8 /* [CP] Check Pods Manifest.lock */ = {
			isa = PBXShellScriptBuildPhase;
			buildActionMask = 2147483647;
			files = (
			);
			inputFileListPaths = (
			);
			inputPaths = (
				"${PODS_PODFILE_DIR_PATH}/Podfile.lock",
				"${PODS_ROOT}/Manifest.lock",
			);
			name = "[CP] Check Pods Manifest.lock";
			outputFileListPaths = (
			);
			outputPaths = (
				"$(DERIVED_FILE_DIR)/Pods-Starbucks-StarbucksUITests-checkManifestLockResult.txt",
			);
			runOnlyForDeploymentPostprocessing = 0;
			shellPath = /bin/sh;
			shellScript = "diff \"${PODS_PODFILE_DIR_PATH}/Podfile.lock\" \"${PODS_ROOT}/Manifest.lock\" > /dev/null\nif [ $? != 0 ] ; then\n    # print error to STDERR\n    echo \"error: The sandbox is not in sync with the Podfile.lock. Run 'pod install' or update your CocoaPods installation.\" >&2\n    exit 1\nfi\n# This output is used by Xcode 'outputs' to avoid re-running this script phase.\necho \"SUCCESS\" > \"${SCRIPT_OUTPUT_FILE_0}\"\n";
			showEnvVarsInLog = 0;
		};
		B106D0C2619611CDA61791AE /* [CP] Embed Pods Frameworks */ = {
			isa = PBXShellScriptBuildPhase;
			buildActionMask = 2147483647;
			files = (
			);
			inputFileListPaths = (
				"${PODS_ROOT}/Target Support Files/Pods-Starbucks/Pods-Starbucks-frameworks-${CONFIGURATION}-input-files.xcfilelist",
			);
			name = "[CP] Embed Pods Frameworks";
			outputFileListPaths = (
				"${PODS_ROOT}/Target Support Files/Pods-Starbucks/Pods-Starbucks-frameworks-${CONFIGURATION}-output-files.xcfilelist",
			);
			runOnlyForDeploymentPostprocessing = 0;
			shellPath = /bin/sh;
			shellScript = "\"${PODS_ROOT}/Target Support Files/Pods-Starbucks/Pods-Starbucks-frameworks.sh\"\n";
			showEnvVarsInLog = 0;
		};
		DC171189794658E5DD30E94B /* [CP] Check Pods Manifest.lock */ = {
			isa = PBXShellScriptBuildPhase;
			buildActionMask = 2147483647;
			files = (
			);
			inputFileListPaths = (
			);
			inputPaths = (
				"${PODS_PODFILE_DIR_PATH}/Podfile.lock",
				"${PODS_ROOT}/Manifest.lock",
			);
			name = "[CP] Check Pods Manifest.lock";
			outputFileListPaths = (
			);
			outputPaths = (
				"$(DERIVED_FILE_DIR)/Pods-StarbucksTests-checkManifestLockResult.txt",
			);
			runOnlyForDeploymentPostprocessing = 0;
			shellPath = /bin/sh;
			shellScript = "diff \"${PODS_PODFILE_DIR_PATH}/Podfile.lock\" \"${PODS_ROOT}/Manifest.lock\" > /dev/null\nif [ $? != 0 ] ; then\n    # print error to STDERR\n    echo \"error: The sandbox is not in sync with the Podfile.lock. Run 'pod install' or update your CocoaPods installation.\" >&2\n    exit 1\nfi\n# This output is used by Xcode 'outputs' to avoid re-running this script phase.\necho \"SUCCESS\" > \"${SCRIPT_OUTPUT_FILE_0}\"\n";
			showEnvVarsInLog = 0;
		};
		E8B1D712D57669BFF9C77520 /* [CP] Embed Pods Frameworks */ = {
			isa = PBXShellScriptBuildPhase;
			buildActionMask = 2147483647;
			files = (
			);
			inputFileListPaths = (
				"${PODS_ROOT}/Target Support Files/Pods-Starbucks-StarbucksUITests/Pods-Starbucks-StarbucksUITests-frameworks-${CONFIGURATION}-input-files.xcfilelist",
			);
			name = "[CP] Embed Pods Frameworks";
			outputFileListPaths = (
				"${PODS_ROOT}/Target Support Files/Pods-Starbucks-StarbucksUITests/Pods-Starbucks-StarbucksUITests-frameworks-${CONFIGURATION}-output-files.xcfilelist",
			);
			runOnlyForDeploymentPostprocessing = 0;
			shellPath = /bin/sh;
			shellScript = "\"${PODS_ROOT}/Target Support Files/Pods-Starbucks-StarbucksUITests/Pods-Starbucks-StarbucksUITests-frameworks.sh\"\n";
			showEnvVarsInLog = 0;
		};
		EE566B9337DFCC993C877A9C /* [CP] Check Pods Manifest.lock */ = {
			isa = PBXShellScriptBuildPhase;
			buildActionMask = 2147483647;
			files = (
			);
			inputFileListPaths = (
			);
			inputPaths = (
				"${PODS_PODFILE_DIR_PATH}/Podfile.lock",
				"${PODS_ROOT}/Manifest.lock",
			);
			name = "[CP] Check Pods Manifest.lock";
			outputFileListPaths = (
			);
			outputPaths = (
				"$(DERIVED_FILE_DIR)/Pods-Starbucks-checkManifestLockResult.txt",
			);
			runOnlyForDeploymentPostprocessing = 0;
			shellPath = /bin/sh;
			shellScript = "diff \"${PODS_PODFILE_DIR_PATH}/Podfile.lock\" \"${PODS_ROOT}/Manifest.lock\" > /dev/null\nif [ $? != 0 ] ; then\n    # print error to STDERR\n    echo \"error: The sandbox is not in sync with the Podfile.lock. Run 'pod install' or update your CocoaPods installation.\" >&2\n    exit 1\nfi\n# This output is used by Xcode 'outputs' to avoid re-running this script phase.\necho \"SUCCESS\" > \"${SCRIPT_OUTPUT_FILE_0}\"\n";
			showEnvVarsInLog = 0;
		};
/* End PBXShellScriptBuildPhase section */

/* Begin PBXSourcesBuildPhase section */
		B59B32BD2829034200301A41 /* Sources */ = {
			isa = PBXSourcesBuildPhase;
			buildActionMask = 2147483647;
			files = (
				B5891E8D282AC474003F379D /* Observable.swift in Sources */,
				B5891E7A2829F625003F379D /* InitialEventViewController.swift in Sources */,
				B5891E82282AAA82003F379D /* HomeViewModel.swift in Sources */,
				B5891E8B282AC395003F379D /* InitialEventViewModel.swift in Sources */,
				B59B32C92829034200301A41 /* MainTabBarController.swift in Sources */,
				B59B32FA2829201600301A41 /* OrderViewController.swift in Sources */,
				B5891E8F282B8E5B003F379D /* EndPoint.swift in Sources */,
				B59B32C52829034200301A41 /* AppDelegate.swift in Sources */,
				B59B32C72829034200301A41 /* SceneDelegate.swift in Sources */,
				B59B32F82829200400301A41 /* HomeViewController.swift in Sources */,
				B5891E7F282A3D5A003F379D /* NetworkHandlable.swift in Sources */,
				B5891E7C282A3B89003F379D /* NetworkHandler.swift in Sources */,
			);
			runOnlyForDeploymentPostprocessing = 0;
		};
		B59B32D32829034600301A41 /* Sources */ = {
			isa = PBXSourcesBuildPhase;
			buildActionMask = 2147483647;
			files = (
				B59B32DC2829034600301A41 /* StarbucksTests.swift in Sources */,
			);
			runOnlyForDeploymentPostprocessing = 0;
		};
		B59B32DD2829034600301A41 /* Sources */ = {
			isa = PBXSourcesBuildPhase;
			buildActionMask = 2147483647;
			files = (
				B59B32E62829034600301A41 /* StarbucksUITests.swift in Sources */,
				B59B32E82829034600301A41 /* StarbucksUITestsLaunchTests.swift in Sources */,
			);
			runOnlyForDeploymentPostprocessing = 0;
		};
/* End PBXSourcesBuildPhase section */

/* Begin PBXTargetDependency section */
		B59B32D92829034600301A41 /* PBXTargetDependency */ = {
			isa = PBXTargetDependency;
			target = B59B32C02829034200301A41 /* Starbucks */;
			targetProxy = B59B32D82829034600301A41 /* PBXContainerItemProxy */;
		};
		B59B32E32829034600301A41 /* PBXTargetDependency */ = {
			isa = PBXTargetDependency;
			target = B59B32C02829034200301A41 /* Starbucks */;
			targetProxy = B59B32E22829034600301A41 /* PBXContainerItemProxy */;
		};
/* End PBXTargetDependency section */

/* Begin PBXVariantGroup section */
		B59B32CF2829034600301A41 /* LaunchScreen.storyboard */ = {
			isa = PBXVariantGroup;
			children = (
				B59B32D02829034600301A41 /* Base */,
			);
			name = LaunchScreen.storyboard;
			sourceTree = "<group>";
		};
/* End PBXVariantGroup section */

/* Begin XCBuildConfiguration section */
		B59B32E92829034600301A41 /* Debug */ = {
			isa = XCBuildConfiguration;
			buildSettings = {
				ALWAYS_SEARCH_USER_PATHS = NO;
				CLANG_ANALYZER_NONNULL = YES;
				CLANG_ANALYZER_NUMBER_OBJECT_CONVERSION = YES_AGGRESSIVE;
				CLANG_CXX_LANGUAGE_STANDARD = "gnu++17";
				CLANG_ENABLE_MODULES = YES;
				CLANG_ENABLE_OBJC_ARC = YES;
				CLANG_ENABLE_OBJC_WEAK = YES;
				CLANG_WARN_BLOCK_CAPTURE_AUTORELEASING = YES;
				CLANG_WARN_BOOL_CONVERSION = YES;
				CLANG_WARN_COMMA = YES;
				CLANG_WARN_CONSTANT_CONVERSION = YES;
				CLANG_WARN_DEPRECATED_OBJC_IMPLEMENTATIONS = YES;
				CLANG_WARN_DIRECT_OBJC_ISA_USAGE = YES_ERROR;
				CLANG_WARN_DOCUMENTATION_COMMENTS = YES;
				CLANG_WARN_EMPTY_BODY = YES;
				CLANG_WARN_ENUM_CONVERSION = YES;
				CLANG_WARN_INFINITE_RECURSION = YES;
				CLANG_WARN_INT_CONVERSION = YES;
				CLANG_WARN_NON_LITERAL_NULL_CONVERSION = YES;
				CLANG_WARN_OBJC_IMPLICIT_RETAIN_SELF = YES;
				CLANG_WARN_OBJC_LITERAL_CONVERSION = YES;
				CLANG_WARN_OBJC_ROOT_CLASS = YES_ERROR;
				CLANG_WARN_QUOTED_INCLUDE_IN_FRAMEWORK_HEADER = YES;
				CLANG_WARN_RANGE_LOOP_ANALYSIS = YES;
				CLANG_WARN_STRICT_PROTOTYPES = YES;
				CLANG_WARN_SUSPICIOUS_MOVE = YES;
				CLANG_WARN_UNGUARDED_AVAILABILITY = YES_AGGRESSIVE;
				CLANG_WARN_UNREACHABLE_CODE = YES;
				CLANG_WARN__DUPLICATE_METHOD_MATCH = YES;
				COPY_PHASE_STRIP = NO;
				DEBUG_INFORMATION_FORMAT = dwarf;
				ENABLE_STRICT_OBJC_MSGSEND = YES;
				ENABLE_TESTABILITY = YES;
				GCC_C_LANGUAGE_STANDARD = gnu11;
				GCC_DYNAMIC_NO_PIC = NO;
				GCC_NO_COMMON_BLOCKS = YES;
				GCC_OPTIMIZATION_LEVEL = 0;
				GCC_PREPROCESSOR_DEFINITIONS = (
					"DEBUG=1",
					"$(inherited)",
				);
				GCC_WARN_64_TO_32_BIT_CONVERSION = YES;
				GCC_WARN_ABOUT_RETURN_TYPE = YES_ERROR;
				GCC_WARN_UNDECLARED_SELECTOR = YES;
				GCC_WARN_UNINITIALIZED_AUTOS = YES_AGGRESSIVE;
				GCC_WARN_UNUSED_FUNCTION = YES;
				GCC_WARN_UNUSED_VARIABLE = YES;
				IPHONEOS_DEPLOYMENT_TARGET = 15.4;
				MTL_ENABLE_DEBUG_INFO = INCLUDE_SOURCE;
				MTL_FAST_MATH = YES;
				ONLY_ACTIVE_ARCH = YES;
				SDKROOT = iphoneos;
				SWIFT_ACTIVE_COMPILATION_CONDITIONS = DEBUG;
				SWIFT_OPTIMIZATION_LEVEL = "-Onone";
			};
			name = Debug;
		};
		B59B32EA2829034600301A41 /* Release */ = {
			isa = XCBuildConfiguration;
			buildSettings = {
				ALWAYS_SEARCH_USER_PATHS = NO;
				CLANG_ANALYZER_NONNULL = YES;
				CLANG_ANALYZER_NUMBER_OBJECT_CONVERSION = YES_AGGRESSIVE;
				CLANG_CXX_LANGUAGE_STANDARD = "gnu++17";
				CLANG_ENABLE_MODULES = YES;
				CLANG_ENABLE_OBJC_ARC = YES;
				CLANG_ENABLE_OBJC_WEAK = YES;
				CLANG_WARN_BLOCK_CAPTURE_AUTORELEASING = YES;
				CLANG_WARN_BOOL_CONVERSION = YES;
				CLANG_WARN_COMMA = YES;
				CLANG_WARN_CONSTANT_CONVERSION = YES;
				CLANG_WARN_DEPRECATED_OBJC_IMPLEMENTATIONS = YES;
				CLANG_WARN_DIRECT_OBJC_ISA_USAGE = YES_ERROR;
				CLANG_WARN_DOCUMENTATION_COMMENTS = YES;
				CLANG_WARN_EMPTY_BODY = YES;
				CLANG_WARN_ENUM_CONVERSION = YES;
				CLANG_WARN_INFINITE_RECURSION = YES;
				CLANG_WARN_INT_CONVERSION = YES;
				CLANG_WARN_NON_LITERAL_NULL_CONVERSION = YES;
				CLANG_WARN_OBJC_IMPLICIT_RETAIN_SELF = YES;
				CLANG_WARN_OBJC_LITERAL_CONVERSION = YES;
				CLANG_WARN_OBJC_ROOT_CLASS = YES_ERROR;
				CLANG_WARN_QUOTED_INCLUDE_IN_FRAMEWORK_HEADER = YES;
				CLANG_WARN_RANGE_LOOP_ANALYSIS = YES;
				CLANG_WARN_STRICT_PROTOTYPES = YES;
				CLANG_WARN_SUSPICIOUS_MOVE = YES;
				CLANG_WARN_UNGUARDED_AVAILABILITY = YES_AGGRESSIVE;
				CLANG_WARN_UNREACHABLE_CODE = YES;
				CLANG_WARN__DUPLICATE_METHOD_MATCH = YES;
				COPY_PHASE_STRIP = NO;
				DEBUG_INFORMATION_FORMAT = "dwarf-with-dsym";
				ENABLE_NS_ASSERTIONS = NO;
				ENABLE_STRICT_OBJC_MSGSEND = YES;
				GCC_C_LANGUAGE_STANDARD = gnu11;
				GCC_NO_COMMON_BLOCKS = YES;
				GCC_WARN_64_TO_32_BIT_CONVERSION = YES;
				GCC_WARN_ABOUT_RETURN_TYPE = YES_ERROR;
				GCC_WARN_UNDECLARED_SELECTOR = YES;
				GCC_WARN_UNINITIALIZED_AUTOS = YES_AGGRESSIVE;
				GCC_WARN_UNUSED_FUNCTION = YES;
				GCC_WARN_UNUSED_VARIABLE = YES;
				IPHONEOS_DEPLOYMENT_TARGET = 15.4;
				MTL_ENABLE_DEBUG_INFO = NO;
				MTL_FAST_MATH = YES;
				SDKROOT = iphoneos;
				SWIFT_COMPILATION_MODE = wholemodule;
				SWIFT_OPTIMIZATION_LEVEL = "-O";
				VALIDATE_PRODUCT = YES;
			};
			name = Release;
		};
		B59B32EC2829034600301A41 /* Debug */ = {
			isa = XCBuildConfiguration;
			baseConfigurationReference = 3152B96D1254B0365A05F924 /* Pods-Starbucks.debug.xcconfig */;
			buildSettings = {
				ASSETCATALOG_COMPILER_APPICON_NAME = AppIcon;
				ASSETCATALOG_COMPILER_GLOBAL_ACCENT_COLOR_NAME = AccentColor;
				CODE_SIGN_STYLE = Automatic;
				CURRENT_PROJECT_VERSION = 1;
				DEVELOPMENT_TEAM = B3PWYBKFUK;
				GENERATE_INFOPLIST_FILE = YES;
				INFOPLIST_FILE = Starbucks/Info.plist;
				INFOPLIST_KEY_UIApplicationSupportsIndirectInputEvents = YES;
				INFOPLIST_KEY_UILaunchStoryboardName = LaunchScreen;
				INFOPLIST_KEY_UISupportedInterfaceOrientations_iPad = "UIInterfaceOrientationPortrait UIInterfaceOrientationPortraitUpsideDown UIInterfaceOrientationLandscapeLeft UIInterfaceOrientationLandscapeRight";
				INFOPLIST_KEY_UISupportedInterfaceOrientations_iPhone = "UIInterfaceOrientationPortrait UIInterfaceOrientationLandscapeLeft UIInterfaceOrientationLandscapeRight";
				LD_RUNPATH_SEARCH_PATHS = (
					"$(inherited)",
					"@executable_path/Frameworks",
				);
				MARKETING_VERSION = 1.0;
				PRODUCT_BUNDLE_IDENTIFIER = clone.jed.Starbucks;
				PRODUCT_NAME = "$(TARGET_NAME)";
				SWIFT_EMIT_LOC_STRINGS = YES;
				SWIFT_VERSION = 5.0;
				TARGETED_DEVICE_FAMILY = "1,2";
			};
			name = Debug;
		};
		B59B32ED2829034600301A41 /* Release */ = {
			isa = XCBuildConfiguration;
			baseConfigurationReference = E4E7C487AAAC5E17AC46EA99 /* Pods-Starbucks.release.xcconfig */;
			buildSettings = {
				ASSETCATALOG_COMPILER_APPICON_NAME = AppIcon;
				ASSETCATALOG_COMPILER_GLOBAL_ACCENT_COLOR_NAME = AccentColor;
				CODE_SIGN_STYLE = Automatic;
				CURRENT_PROJECT_VERSION = 1;
				DEVELOPMENT_TEAM = B3PWYBKFUK;
				GENERATE_INFOPLIST_FILE = YES;
				INFOPLIST_FILE = Starbucks/Info.plist;
				INFOPLIST_KEY_UIApplicationSupportsIndirectInputEvents = YES;
				INFOPLIST_KEY_UILaunchStoryboardName = LaunchScreen;
				INFOPLIST_KEY_UISupportedInterfaceOrientations_iPad = "UIInterfaceOrientationPortrait UIInterfaceOrientationPortraitUpsideDown UIInterfaceOrientationLandscapeLeft UIInterfaceOrientationLandscapeRight";
				INFOPLIST_KEY_UISupportedInterfaceOrientations_iPhone = "UIInterfaceOrientationPortrait UIInterfaceOrientationLandscapeLeft UIInterfaceOrientationLandscapeRight";
				LD_RUNPATH_SEARCH_PATHS = (
					"$(inherited)",
					"@executable_path/Frameworks",
				);
				MARKETING_VERSION = 1.0;
				PRODUCT_BUNDLE_IDENTIFIER = clone.jed.Starbucks;
				PRODUCT_NAME = "$(TARGET_NAME)";
				SWIFT_EMIT_LOC_STRINGS = YES;
				SWIFT_VERSION = 5.0;
				TARGETED_DEVICE_FAMILY = "1,2";
			};
			name = Release;
		};
		B59B32EF2829034600301A41 /* Debug */ = {
			isa = XCBuildConfiguration;
			baseConfigurationReference = 4A91003CA6EB79CAC0B2142C /* Pods-StarbucksTests.debug.xcconfig */;
			buildSettings = {
				ALWAYS_EMBED_SWIFT_STANDARD_LIBRARIES = YES;
				BUNDLE_LOADER = "$(TEST_HOST)";
				CODE_SIGN_STYLE = Automatic;
				CURRENT_PROJECT_VERSION = 1;
				DEVELOPMENT_TEAM = B3PWYBKFUK;
				GENERATE_INFOPLIST_FILE = YES;
				IPHONEOS_DEPLOYMENT_TARGET = 15.4;
				MARKETING_VERSION = 1.0;
				PRODUCT_BUNDLE_IDENTIFIER = clone.jed.StarbucksTests;
				PRODUCT_NAME = "$(TARGET_NAME)";
				SWIFT_EMIT_LOC_STRINGS = NO;
				SWIFT_VERSION = 5.0;
				TARGETED_DEVICE_FAMILY = "1,2";
				TEST_HOST = "$(BUILT_PRODUCTS_DIR)/Starbucks.app/Starbucks";
			};
			name = Debug;
		};
		B59B32F02829034600301A41 /* Release */ = {
			isa = XCBuildConfiguration;
			baseConfigurationReference = A433D0F929C5E8A4191D0396 /* Pods-StarbucksTests.release.xcconfig */;
			buildSettings = {
				ALWAYS_EMBED_SWIFT_STANDARD_LIBRARIES = YES;
				BUNDLE_LOADER = "$(TEST_HOST)";
				CODE_SIGN_STYLE = Automatic;
				CURRENT_PROJECT_VERSION = 1;
				DEVELOPMENT_TEAM = B3PWYBKFUK;
				GENERATE_INFOPLIST_FILE = YES;
				IPHONEOS_DEPLOYMENT_TARGET = 15.4;
				MARKETING_VERSION = 1.0;
				PRODUCT_BUNDLE_IDENTIFIER = clone.jed.StarbucksTests;
				PRODUCT_NAME = "$(TARGET_NAME)";
				SWIFT_EMIT_LOC_STRINGS = NO;
				SWIFT_VERSION = 5.0;
				TARGETED_DEVICE_FAMILY = "1,2";
				TEST_HOST = "$(BUILT_PRODUCTS_DIR)/Starbucks.app/Starbucks";
			};
			name = Release;
		};
		B59B32F22829034600301A41 /* Debug */ = {
			isa = XCBuildConfiguration;
			baseConfigurationReference = 00A33018F785637D6B799CFC /* Pods-Starbucks-StarbucksUITests.debug.xcconfig */;
			buildSettings = {
				ALWAYS_EMBED_SWIFT_STANDARD_LIBRARIES = YES;
				CODE_SIGN_STYLE = Automatic;
				CURRENT_PROJECT_VERSION = 1;
				DEVELOPMENT_TEAM = B3PWYBKFUK;
				GENERATE_INFOPLIST_FILE = YES;
				MARKETING_VERSION = 1.0;
				PRODUCT_BUNDLE_IDENTIFIER = clone.jed.StarbucksUITests;
				PRODUCT_NAME = "$(TARGET_NAME)";
				SWIFT_EMIT_LOC_STRINGS = NO;
				SWIFT_VERSION = 5.0;
				TARGETED_DEVICE_FAMILY = "1,2";
				TEST_TARGET_NAME = Starbucks;
			};
			name = Debug;
		};
		B59B32F32829034600301A41 /* Release */ = {
			isa = XCBuildConfiguration;
			baseConfigurationReference = F064E155873A1C6C4317A5C8 /* Pods-Starbucks-StarbucksUITests.release.xcconfig */;
			buildSettings = {
				ALWAYS_EMBED_SWIFT_STANDARD_LIBRARIES = YES;
				CODE_SIGN_STYLE = Automatic;
				CURRENT_PROJECT_VERSION = 1;
				DEVELOPMENT_TEAM = B3PWYBKFUK;
				GENERATE_INFOPLIST_FILE = YES;
				MARKETING_VERSION = 1.0;
				PRODUCT_BUNDLE_IDENTIFIER = clone.jed.StarbucksUITests;
				PRODUCT_NAME = "$(TARGET_NAME)";
				SWIFT_EMIT_LOC_STRINGS = NO;
				SWIFT_VERSION = 5.0;
				TARGETED_DEVICE_FAMILY = "1,2";
				TEST_TARGET_NAME = Starbucks;
			};
			name = Release;
		};
/* End XCBuildConfiguration section */

/* Begin XCConfigurationList section */
		B59B32BC2829034200301A41 /* Build configuration list for PBXProject "Starbucks" */ = {
			isa = XCConfigurationList;
			buildConfigurations = (
				B59B32E92829034600301A41 /* Debug */,
				B59B32EA2829034600301A41 /* Release */,
			);
			defaultConfigurationIsVisible = 0;
			defaultConfigurationName = Release;
		};
		B59B32EB2829034600301A41 /* Build configuration list for PBXNativeTarget "Starbucks" */ = {
			isa = XCConfigurationList;
			buildConfigurations = (
				B59B32EC2829034600301A41 /* Debug */,
				B59B32ED2829034600301A41 /* Release */,
			);
			defaultConfigurationIsVisible = 0;
			defaultConfigurationName = Release;
		};
		B59B32EE2829034600301A41 /* Build configuration list for PBXNativeTarget "StarbucksTests" */ = {
			isa = XCConfigurationList;
			buildConfigurations = (
				B59B32EF2829034600301A41 /* Debug */,
				B59B32F02829034600301A41 /* Release */,
			);
			defaultConfigurationIsVisible = 0;
			defaultConfigurationName = Release;
		};
		B59B32F12829034600301A41 /* Build configuration list for PBXNativeTarget "StarbucksUITests" */ = {
			isa = XCConfigurationList;
			buildConfigurations = (
				B59B32F22829034600301A41 /* Debug */,
				B59B32F32829034600301A41 /* Release */,
			);
			defaultConfigurationIsVisible = 0;
			defaultConfigurationName = Release;
		};
/* End XCConfigurationList section */
	};
	rootObject = B59B32B92829034200301A41 /* Project object */;
}
